{
  "name": "@msrvida/fluentui-react-cdn-typings",
  "version": "2.0.1",
  "lockfileVersion": 2,
  "requires": true,
  "packages": {
    "": {
      "name": "@msrvida/fluentui-react-cdn-typings",
      "version": "2.0.1",
      "license": "MIT",
      "dependencies": {
        "@fluentui/react": "^8"
      },
      "peerDependencies": {
        "@types/react": ">=16.8.0 <18.0.0"
      }
    },
    "node_modules/@fluentui/date-time-utilities": {
      "version": "8.5.3",
      "resolved": "https://registry.npmjs.org/@fluentui/date-time-utilities/-/date-time-utilities-8.5.3.tgz",
      "integrity": "sha512-jwbwcJlnerdjENIAfn/YHxl5H2sQruReOMWXWMgmvX0CmcbqsN9VBxBt+E35Tlr4Ds3MbGs60eyfZUIPpaB5RQ==",
      "dependencies": {
        "@fluentui/set-version": "^8.2.3",
        "tslib": "^2.1.0"
      }
    },
    "node_modules/@fluentui/dom-utilities": {
      "version": "2.2.3",
      "resolved": "https://registry.npmjs.org/@fluentui/dom-utilities/-/dom-utilities-2.2.3.tgz",
      "integrity": "sha512-Ml/xwpTC6vb9lHHVAbSUD9jMbt9nVzV208D0FEoQn0c0+dP2vdMXSvXC/QHs/57B6JicttVQPuX6EcPwR3Mkpg==",
      "dependencies": {
        "@fluentui/set-version": "^8.2.3",
        "tslib": "^2.1.0"
      }
    },
    "node_modules/@fluentui/font-icons-mdl2": {
      "version": "8.5.4",
      "resolved": "https://registry.npmjs.org/@fluentui/font-icons-mdl2/-/font-icons-mdl2-8.5.4.tgz",
      "integrity": "sha512-sIf1ND1Qr1Y1A/XAYG3vCAVnjNljXZxrwenv36VGBqjG/xwJ0Lu5bNAUqjmPy6biKiMttz73zcL2ST3QNlYvhw==",
      "dependencies": {
        "@fluentui/set-version": "^8.2.3",
        "@fluentui/style-utilities": "^8.8.3",
        "@fluentui/utilities": "^8.13.4",
        "tslib": "^2.1.0"
      }
    },
    "node_modules/@fluentui/foundation-legacy": {
      "version": "8.2.24",
      "resolved": "https://registry.npmjs.org/@fluentui/foundation-legacy/-/foundation-legacy-8.2.24.tgz",
      "integrity": "sha512-ccGbQmXW2qXSl/xtFVuAkCFH5TJMJX4+qoQ/CwAq+43ZCJaMQaz0KHmk3t3u+TXUWLCc8EGSEgYAIxMPzHI53A==",
      "dependencies": {
        "@fluentui/merge-styles": "^8.5.4",
        "@fluentui/set-version": "^8.2.3",
        "@fluentui/style-utilities": "^8.8.3",
        "@fluentui/utilities": "^8.13.4",
        "tslib": "^2.1.0"
      },
      "peerDependencies": {
        "@types/react": ">=16.8.0 <19.0.0",
        "react": ">=16.8.0 <19.0.0"
      }
    },
    "node_modules/@fluentui/keyboard-key": {
      "version": "0.4.3",
      "resolved": "https://registry.npmjs.org/@fluentui/keyboard-key/-/keyboard-key-0.4.3.tgz",
      "integrity": "sha512-uLiwx+UyXDN7tShv/s2NzDPtqeT/BZCHvY9yxEeb6LgEkos8TZvT5ep/7G8BpxA/SuBnviZ8xpDB5JObyZikqQ==",
      "dependencies": {
        "tslib": "^2.1.0"
      }
    },
    "node_modules/@fluentui/merge-styles": {
      "version": "8.5.4",
      "resolved": "https://registry.npmjs.org/@fluentui/merge-styles/-/merge-styles-8.5.4.tgz",
      "integrity": "sha512-CeQIEcEgZu0cxqqyhJyTqySXoUL1vXfdWDJ8WMzchaNnhvOvoXISw8xXHpNXUtEn+HgPrcy9mHQwFcAc+jv3Wg==",
      "dependencies": {
        "@fluentui/set-version": "^8.2.3",
        "tslib": "^2.1.0"
      }
    },
    "node_modules/@fluentui/react": {
      "version": "8.103.5",
      "resolved": "https://registry.npmjs.org/@fluentui/react/-/react-8.103.5.tgz",
      "integrity": "sha512-+PT/Ttngm+Ay959q5O8xEdVVSqPyXrIgTsBwTDF1DBOl7K/EF38+Khf6I4GQHwKEYiavk3DGWp1vfJKeEzZ/zQ==",
      "dependencies": {
        "@fluentui/date-time-utilities": "^8.5.3",
        "@fluentui/font-icons-mdl2": "^8.5.4",
        "@fluentui/foundation-legacy": "^8.2.24",
        "@fluentui/merge-styles": "^8.5.4",
        "@fluentui/react-focus": "^8.8.10",
        "@fluentui/react-hooks": "^8.6.14",
        "@fluentui/react-portal-compat-context": "^9.0.4",
        "@fluentui/react-window-provider": "^2.2.4",
        "@fluentui/set-version": "^8.2.3",
        "@fluentui/style-utilities": "^8.8.3",
        "@fluentui/theme": "^2.6.19",
        "@fluentui/utilities": "^8.13.4",
        "@microsoft/load-themed-styles": "^1.10.26",
        "tslib": "^2.1.0"
      },
      "peerDependencies": {
        "@types/react": ">=16.8.0 <19.0.0",
        "@types/react-dom": ">=16.8.0 <19.0.0",
        "react": ">=16.8.0 <19.0.0",
        "react-dom": ">=16.8.0 <19.0.0"
      }
    },
    "node_modules/@fluentui/react-focus": {
      "version": "8.8.10",
      "resolved": "https://registry.npmjs.org/@fluentui/react-focus/-/react-focus-8.8.10.tgz",
      "integrity": "sha512-CB1/VXRCvy6qLFLY8dCxOF8PPYxM2vayTRSNva4/uDqg60jlMSsdZiPJE1PnC9FQKUKXgMZp78kak/ckGc8VZQ==",
      "dependencies": {
        "@fluentui/keyboard-key": "^0.4.3",
        "@fluentui/merge-styles": "^8.5.4",
        "@fluentui/set-version": "^8.2.3",
        "@fluentui/style-utilities": "^8.8.3",
        "@fluentui/utilities": "^8.13.4",
        "tslib": "^2.1.0"
      },
      "peerDependencies": {
        "@types/react": ">=16.8.0 <19.0.0",
        "react": ">=16.8.0 <19.0.0"
      }
    },
    "node_modules/@fluentui/react-hooks": {
      "version": "8.6.14",
      "resolved": "https://registry.npmjs.org/@fluentui/react-hooks/-/react-hooks-8.6.14.tgz",
      "integrity": "sha512-mM2bW7xIRGGx7thBXKDR64SaZB1tYwICdM9qpM/Jfiu0H+VPQhhhtMPJ+ImmG+DM8MxX9n5Su8ePo2QWtz9mYA==",
      "dependencies": {
        "@fluentui/react-window-provider": "^2.2.4",
        "@fluentui/set-version": "^8.2.3",
        "@fluentui/utilities": "^8.13.4",
        "tslib": "^2.1.0"
      },
      "peerDependencies": {
        "@types/react": ">=16.8.0 <19.0.0",
        "react": ">=16.8.0 <19.0.0"
      }
    },
    "node_modules/@fluentui/react-portal-compat-context": {
      "version": "9.0.4",
      "resolved": "https://registry.npmjs.org/@fluentui/react-portal-compat-context/-/react-portal-compat-context-9.0.4.tgz",
      "integrity": "sha512-qw2lmkxZ2TmgC0pB2dvFyrzVffxBdpCx1BdWRaF+MRGUlTxRtqfybSx3Edsqa6NMewc3J0ThLMFdVFBQ5Yafqw==",
      "dependencies": {
        "tslib": "^2.1.0"
      },
      "peerDependencies": {
        "@types/react": ">=16.8.0 <19.0.0",
        "react": ">=16.8.0 <19.0.0"
      }
    },
    "node_modules/@fluentui/react-window-provider": {
      "version": "2.2.4",
      "resolved": "https://registry.npmjs.org/@fluentui/react-window-provider/-/react-window-provider-2.2.4.tgz",
      "integrity": "sha512-tCiIGQSILSipcn8DwwRgYq5IMtwBKiSQ+/cVRNq54cJZoq5ie/kMGFpldZ+vREDbM8wjmO3eNgNi63A3QRx39g==",
      "dependencies": {
        "@fluentui/set-version": "^8.2.3",
        "tslib": "^2.1.0"
      },
      "peerDependencies": {
        "@types/react": ">=16.8.0 <19.0.0",
        "react": ">=16.8.0 <19.0.0"
      }
    },
    "node_modules/@fluentui/set-version": {
      "version": "8.2.3",
      "resolved": "https://registry.npmjs.org/@fluentui/set-version/-/set-version-8.2.3.tgz",
      "integrity": "sha512-/+5vrI1Bq/ZsNDEK9++RClnDOeCILS8RXxZb7OAqmOc8GnPScxKcIN8e/1bosUxTjb2EB1KbVk6XeUpk0WvQIg==",
      "dependencies": {
        "tslib": "^2.1.0"
      }
    },
    "node_modules/@fluentui/style-utilities": {
      "version": "8.8.3",
      "resolved": "https://registry.npmjs.org/@fluentui/style-utilities/-/style-utilities-8.8.3.tgz",
      "integrity": "sha512-DxcCIHnKdaBpzdIawZIMcVyn8xVbK6A37J0Q7MPdjb9VV4Nsp/ohWnM9nPrPlbB+RSsKWrIssgWJdn5yZM9Wxg==",
      "dependencies": {
        "@fluentui/merge-styles": "^8.5.4",
        "@fluentui/set-version": "^8.2.3",
        "@fluentui/theme": "^2.6.19",
        "@fluentui/utilities": "^8.13.4",
        "@microsoft/load-themed-styles": "^1.10.26",
        "tslib": "^2.1.0"
      }
    },
    "node_modules/@fluentui/theme": {
      "version": "2.6.19",
      "resolved": "https://registry.npmjs.org/@fluentui/theme/-/theme-2.6.19.tgz",
      "integrity": "sha512-Pk4STq3WAM3Mq4fGCBrq3F43o1u2SitO7CZ6A3/ALreaxTA1LC4bbyKQTYH3tvxapqEOYaEPYZ3dFjWjqYlFfg==",
      "dependencies": {
        "@fluentui/merge-styles": "^8.5.4",
        "@fluentui/set-version": "^8.2.3",
        "@fluentui/utilities": "^8.13.4",
        "tslib": "^2.1.0"
      },
      "peerDependencies": {
        "@types/react": ">=16.8.0 <19.0.0",
        "react": ">=16.8.0 <19.0.0"
      }
    },
    "node_modules/@fluentui/utilities": {
      "version": "8.13.4",
      "resolved": "https://registry.npmjs.org/@fluentui/utilities/-/utilities-8.13.4.tgz",
      "integrity": "sha512-oJ6q8BvVdr0eEG5RgI/VBtKX2JvJV2h0AUkR7FwZoT8fvUUH/iykPZO/5CAVcQDyiXj73hmBibiEGkWNFFuPfw==",
      "dependencies": {
        "@fluentui/dom-utilities": "^2.2.3",
        "@fluentui/merge-styles": "^8.5.4",
        "@fluentui/set-version": "^8.2.3",
        "tslib": "^2.1.0"
      },
      "peerDependencies": {
        "@types/react": ">=16.8.0 <19.0.0",
        "react": ">=16.8.0 <19.0.0"
      }
    },
    "node_modules/@microsoft/load-themed-styles": {
      "version": "1.10.295",
      "resolved": "https://registry.npmjs.org/@microsoft/load-themed-styles/-/load-themed-styles-1.10.295.tgz",
      "integrity": "sha512-W+IzEBw8a6LOOfRJM02dTT7BDZijxm+Z7lhtOAz1+y9vQm1Kdz9jlAO+qCEKsfxtUOmKilW8DIRqFw2aUgKeGg=="
    },
    "node_modules/@types/prop-types": {
      "version": "15.7.5",
      "resolved": "https://registry.npmjs.org/@types/prop-types/-/prop-types-15.7.5.tgz",
      "integrity": "sha512-JCB8C6SnDoQf0cNycqd/35A7MjcnK+ZTqE7judS6o7utxUCg6imJg3QK2qzHKszlTjcj2cn+NwMB2i96ubpj7w==",
      "peer": true
    },
    "node_modules/@types/react": {
      "version": "17.0.52",
      "resolved": "https://registry.npmjs.org/@types/react/-/react-17.0.52.tgz",
      "integrity": "sha512-vwk8QqVODi0VaZZpDXQCmEmiOuyjEFPY7Ttaw5vjM112LOq37yz1CDJGrRJwA1fYEq4Iitd5rnjd1yWAc/bT+A==",
      "peer": true,
      "dependencies": {
        "@types/prop-types": "*",
        "@types/scheduler": "*",
        "csstype": "^3.0.2"
      }
    },
    "node_modules/@types/react-dom": {
      "version": "18.0.9",
      "resolved": "https://registry.npmjs.org/@types/react-dom/-/react-dom-18.0.9.tgz",
      "integrity": "sha512-qnVvHxASt/H7i+XG1U1xMiY5t+IHcPGUK7TDMDzom08xa7e86eCeKOiLZezwCKVxJn6NEiiy2ekgX8aQssjIKg==",
      "peer": true,
      "dependencies": {
        "@types/react": "*"
      }
    },
    "node_modules/@types/scheduler": {
      "version": "0.16.2",
      "resolved": "https://registry.npmjs.org/@types/scheduler/-/scheduler-0.16.2.tgz",
      "integrity": "sha512-hppQEBDmlwhFAXKJX2KnWLYu5yMfi91yazPb2l+lbJiwW+wdo1gNeRA+3RgNSO39WYX2euey41KEwnqesU2Jew==",
      "peer": true
    },
    "node_modules/csstype": {
      "version": "3.1.1",
      "resolved": "https://registry.npmjs.org/csstype/-/csstype-3.1.1.tgz",
      "integrity": "sha512-DJR/VvkAvSZW9bTouZue2sSxDwdTN92uHjqeKVm+0dAqdfNykRzQ95tay8aXMBAAPpUiq4Qcug2L7neoRh2Egw==",
      "peer": true
    },
    "node_modules/js-tokens": {
      "version": "4.0.0",
      "resolved": "https://registry.npmjs.org/js-tokens/-/js-tokens-4.0.0.tgz",
      "integrity": "sha512-RdJUflcE3cUzKiMqQgsCu06FPu9UdIJO0beYbPhHN4k6apgJtifcoCtT9bcxOpYBtpD2kCM6Sbzg4CausW/PKQ==",
      "peer": true
    },
    "node_modules/loose-envify": {
      "version": "1.4.0",
      "resolved": "https://registry.npmjs.org/loose-envify/-/loose-envify-1.4.0.tgz",
      "integrity": "sha512-lyuxPGr/Wfhrlem2CL/UcnUc1zcqKAImBDzukY7Y5F/yQiNdko6+fRLevlw1HgMySw7f611UIY408EtxRSoK3Q==",
      "peer": true,
      "dependencies": {
        "js-tokens": "^3.0.0 || ^4.0.0"
      },
      "bin": {
        "loose-envify": "cli.js"
      }
    },
    "node_modules/react": {
      "version": "18.2.0",
      "resolved": "https://registry.npmjs.org/react/-/react-18.2.0.tgz",
      "integrity": "sha512-/3IjMdb2L9QbBdWiW5e3P2/npwMBaU9mHCSCUzNln0ZCYbcfTsGbTJrU/kGemdH2IWmB2ioZ+zkxtmq6g09fGQ==",
      "peer": true,
      "dependencies": {
        "loose-envify": "^1.1.0"
      },
      "engines": {
        "node": ">=0.10.0"
      }
    },
    "node_modules/react-dom": {
      "version": "18.2.0",
      "resolved": "https://registry.npmjs.org/react-dom/-/react-dom-18.2.0.tgz",
      "integrity": "sha512-6IMTriUmvsjHUjNtEDudZfuDQUoWXVxKHhlEGSk81n4YFS+r/Kl99wXiwlVXtPBtJenozv2P+hxDsw9eA7Xo6g==",
      "peer": true,
      "dependencies": {
        "loose-envify": "^1.1.0",
        "scheduler": "^0.23.0"
      },
      "peerDependencies": {
        "react": "^18.2.0"
      }
    },
    "node_modules/scheduler": {
      "version": "0.23.0",
      "resolved": "https://registry.npmjs.org/scheduler/-/scheduler-0.23.0.tgz",
      "integrity": "sha512-CtuThmgHNg7zIZWAXi3AsyIzA3n4xx7aNyjwC2VJldO2LMVDhFK+63xGqq6CsJH4rTAt6/M+N4GhZiDYPx9eUw==",
      "peer": true,
      "dependencies": {
        "loose-envify": "^1.1.0"
      }
    },
    "node_modules/tslib": {
      "version": "2.4.1",
      "resolved": "https://registry.npmjs.org/tslib/-/tslib-2.4.1.tgz",
      "integrity": "sha512-tGyy4dAjRIEwI7BzsB0lynWgOpfqjUdq91XXAlIWD2OwKBH7oCl/GZG/HT4BOHrTlPMOASlMQ7veyTqpmRcrNA=="
    }
  },
  "dependencies": {
    "@fluentui/date-time-utilities": {
      "version": "8.5.3",
      "resolved": "https://registry.npmjs.org/@fluentui/date-time-utilities/-/date-time-utilities-8.5.3.tgz",
      "integrity": "sha512-jwbwcJlnerdjENIAfn/YHxl5H2sQruReOMWXWMgmvX0CmcbqsN9VBxBt+E35Tlr4Ds3MbGs60eyfZUIPpaB5RQ==",
      "requires": {
        "@fluentui/set-version": "^8.2.3",
        "tslib": "^2.1.0"
      }
    },
    "@fluentui/dom-utilities": {
      "version": "2.2.3",
      "resolved": "https://registry.npmjs.org/@fluentui/dom-utilities/-/dom-utilities-2.2.3.tgz",
      "integrity": "sha512-Ml/xwpTC6vb9lHHVAbSUD9jMbt9nVzV208D0FEoQn0c0+dP2vdMXSvXC/QHs/57B6JicttVQPuX6EcPwR3Mkpg==",
      "requires": {
        "@fluentui/set-version": "^8.2.3",
        "tslib": "^2.1.0"
      }
    },
    "@fluentui/font-icons-mdl2": {
      "version": "8.5.4",
      "resolved": "https://registry.npmjs.org/@fluentui/font-icons-mdl2/-/font-icons-mdl2-8.5.4.tgz",
      "integrity": "sha512-sIf1ND1Qr1Y1A/XAYG3vCAVnjNljXZxrwenv36VGBqjG/xwJ0Lu5bNAUqjmPy6biKiMttz73zcL2ST3QNlYvhw==",
      "requires": {
        "@fluentui/set-version": "^8.2.3",
        "@fluentui/style-utilities": "^8.8.3",
        "@fluentui/utilities": "^8.13.4",
        "tslib": "^2.1.0"
      }
    },
    "@fluentui/foundation-legacy": {
      "version": "8.2.24",
      "resolved": "https://registry.npmjs.org/@fluentui/foundation-legacy/-/foundation-legacy-8.2.24.tgz",
      "integrity": "sha512-ccGbQmXW2qXSl/xtFVuAkCFH5TJMJX4+qoQ/CwAq+43ZCJaMQaz0KHmk3t3u+TXUWLCc8EGSEgYAIxMPzHI53A==",
      "requires": {
        "@fluentui/merge-styles": "^8.5.4",
        "@fluentui/set-version": "^8.2.3",
        "@fluentui/style-utilities": "^8.8.3",
        "@fluentui/utilities": "^8.13.4",
        "tslib": "^2.1.0"
      }
    },
    "@fluentui/keyboard-key": {
      "version": "0.4.3",
      "resolved": "https://registry.npmjs.org/@fluentui/keyboard-key/-/keyboard-key-0.4.3.tgz",
      "integrity": "sha512-uLiwx+UyXDN7tShv/s2NzDPtqeT/BZCHvY9yxEeb6LgEkos8TZvT5ep/7G8BpxA/SuBnviZ8xpDB5JObyZikqQ==",
      "requires": {
        "tslib": "^2.1.0"
      }
    },
    "@fluentui/merge-styles": {
      "version": "8.5.4",
      "resolved": "https://registry.npmjs.org/@fluentui/merge-styles/-/merge-styles-8.5.4.tgz",
      "integrity": "sha512-CeQIEcEgZu0cxqqyhJyTqySXoUL1vXfdWDJ8WMzchaNnhvOvoXISw8xXHpNXUtEn+HgPrcy9mHQwFcAc+jv3Wg==",
      "requires": {
        "@fluentui/set-version": "^8.2.3",
        "tslib": "^2.1.0"
      }
    },
    "@fluentui/react": {
      "version": "8.103.5",
      "resolved": "https://registry.npmjs.org/@fluentui/react/-/react-8.103.5.tgz",
      "integrity": "sha512-+PT/Ttngm+Ay959q5O8xEdVVSqPyXrIgTsBwTDF1DBOl7K/EF38+Khf6I4GQHwKEYiavk3DGWp1vfJKeEzZ/zQ==",
      "requires": {
        "@fluentui/date-time-utilities": "^8.5.3",
        "@fluentui/font-icons-mdl2": "^8.5.4",
        "@fluentui/foundation-legacy": "^8.2.24",
        "@fluentui/merge-styles": "^8.5.4",
        "@fluentui/react-focus": "^8.8.10",
        "@fluentui/react-hooks": "^8.6.14",
        "@fluentui/react-portal-compat-context": "^9.0.4",
        "@fluentui/react-window-provider": "^2.2.4",
        "@fluentui/set-version": "^8.2.3",
        "@fluentui/style-utilities": "^8.8.3",
        "@fluentui/theme": "^2.6.19",
        "@fluentui/utilities": "^8.13.4",
        "@microsoft/load-themed-styles": "^1.10.26",
        "tslib": "^2.1.0"
      }
    },
    "@fluentui/react-focus": {
      "version": "8.8.10",
      "resolved": "https://registry.npmjs.org/@fluentui/react-focus/-/react-focus-8.8.10.tgz",
      "integrity": "sha512-CB1/VXRCvy6qLFLY8dCxOF8PPYxM2vayTRSNva4/uDqg60jlMSsdZiPJE1PnC9FQKUKXgMZp78kak/ckGc8VZQ==",
      "requires": {
        "@fluentui/keyboard-key": "^0.4.3",
        "@fluentui/merge-styles": "^8.5.4",
        "@fluentui/set-version": "^8.2.3",
        "@fluentui/style-utilities": "^8.8.3",
        "@fluentui/utilities": "^8.13.4",
        "tslib": "^2.1.0"
      }
    },
    "@fluentui/react-hooks": {
      "version": "8.6.14",
      "resolved": "https://registry.npmjs.org/@fluentui/react-hooks/-/react-hooks-8.6.14.tgz",
      "integrity": "sha512-mM2bW7xIRGGx7thBXKDR64SaZB1tYwICdM9qpM/Jfiu0H+VPQhhhtMPJ+ImmG+DM8MxX9n5Su8ePo2QWtz9mYA==",
      "requires": {
        "@fluentui/react-window-provider": "^2.2.4",
        "@fluentui/set-version": "^8.2.3",
        "@fluentui/utilities": "^8.13.4",
        "tslib": "^2.1.0"
      }
    },
    "@fluentui/react-portal-compat-context": {
      "version": "9.0.4",
      "resolved": "https://registry.npmjs.org/@fluentui/react-portal-compat-context/-/react-portal-compat-context-9.0.4.tgz",
      "integrity": "sha512-qw2lmkxZ2TmgC0pB2dvFyrzVffxBdpCx1BdWRaF+MRGUlTxRtqfybSx3Edsqa6NMewc3J0ThLMFdVFBQ5Yafqw==",
      "requires": {
        "tslib": "^2.1.0"
      }
    },
    "@fluentui/react-window-provider": {
      "version": "2.2.4",
      "resolved": "https://registry.npmjs.org/@fluentui/react-window-provider/-/react-window-provider-2.2.4.tgz",
      "integrity": "sha512-tCiIGQSILSipcn8DwwRgYq5IMtwBKiSQ+/cVRNq54cJZoq5ie/kMGFpldZ+vREDbM8wjmO3eNgNi63A3QRx39g==",
      "requires": {
        "@fluentui/set-version": "^8.2.3",
        "tslib": "^2.1.0"
      }
    },
    "@fluentui/set-version": {
      "version": "8.2.3",
      "resolved": "https://registry.npmjs.org/@fluentui/set-version/-/set-version-8.2.3.tgz",
      "integrity": "sha512-/+5vrI1Bq/ZsNDEK9++RClnDOeCILS8RXxZb7OAqmOc8GnPScxKcIN8e/1bosUxTjb2EB1KbVk6XeUpk0WvQIg==",
      "requires": {
        "tslib": "^2.1.0"
      }
    },
    "@fluentui/style-utilities": {
      "version": "8.8.3",
      "resolved": "https://registry.npmjs.org/@fluentui/style-utilities/-/style-utilities-8.8.3.tgz",
      "integrity": "sha512-DxcCIHnKdaBpzdIawZIMcVyn8xVbK6A37J0Q7MPdjb9VV4Nsp/ohWnM9nPrPlbB+RSsKWrIssgWJdn5yZM9Wxg==",
      "requires": {
        "@fluentui/merge-styles": "^8.5.4",
        "@fluentui/set-version": "^8.2.3",
        "@fluentui/theme": "^2.6.19",
        "@fluentui/utilities": "^8.13.4",
        "@microsoft/load-themed-styles": "^1.10.26",
        "tslib": "^2.1.0"
      }
    },
    "@fluentui/theme": {
      "version": "2.6.19",
      "resolved": "https://registry.npmjs.org/@fluentui/theme/-/theme-2.6.19.tgz",
      "integrity": "sha512-Pk4STq3WAM3Mq4fGCBrq3F43o1u2SitO7CZ6A3/ALreaxTA1LC4bbyKQTYH3tvxapqEOYaEPYZ3dFjWjqYlFfg==",
      "requires": {
        "@fluentui/merge-styles": "^8.5.4",
        "@fluentui/set-version": "^8.2.3",
        "@fluentui/utilities": "^8.13.4",
        "tslib": "^2.1.0"
      }
    },
    "@fluentui/utilities": {
      "version": "8.13.4",
      "resolved": "https://registry.npmjs.org/@fluentui/utilities/-/utilities-8.13.4.tgz",
      "integrity": "sha512-oJ6q8BvVdr0eEG5RgI/VBtKX2JvJV2h0AUkR7FwZoT8fvUUH/iykPZO/5CAVcQDyiXj73hmBibiEGkWNFFuPfw==",
      "requires": {
        "@fluentui/dom-utilities": "^2.2.3",
        "@fluentui/merge-styles": "^8.5.4",
        "@fluentui/set-version": "^8.2.3",
        "tslib": "^2.1.0"
      }
    },
    "@microsoft/load-themed-styles": {
      "version": "1.10.295",
      "resolved": "https://registry.npmjs.org/@microsoft/load-themed-styles/-/load-themed-styles-1.10.295.tgz",
      "integrity": "sha512-W+IzEBw8a6LOOfRJM02dTT7BDZijxm+Z7lhtOAz1+y9vQm1Kdz9jlAO+qCEKsfxtUOmKilW8DIRqFw2aUgKeGg=="
    },
    "@types/prop-types": {
      "version": "15.7.5",
      "resolved": "https://registry.npmjs.org/@types/prop-types/-/prop-types-15.7.5.tgz",
      "integrity": "sha512-JCB8C6SnDoQf0cNycqd/35A7MjcnK+ZTqE7judS6o7utxUCg6imJg3QK2qzHKszlTjcj2cn+NwMB2i96ubpj7w==",
      "peer": true
    },
    "@types/react": {
      "version": "17.0.52",
      "resolved": "https://registry.npmjs.org/@types/react/-/react-17.0.52.tgz",
      "integrity": "sha512-vwk8QqVODi0VaZZpDXQCmEmiOuyjEFPY7Ttaw5vjM112LOq37yz1CDJGrRJwA1fYEq4Iitd5rnjd1yWAc/bT+A==",
      "peer": true,
      "requires": {
        "@types/prop-types": "*",
        "@types/scheduler": "*",
        "csstype": "^3.0.2"
      }
    },
    "@types/react-dom": {
      "version": "18.0.9",
      "resolved": "https://registry.npmjs.org/@types/react-dom/-/react-dom-18.0.9.tgz",
      "integrity": "sha512-qnVvHxASt/H7i+XG1U1xMiY5t+IHcPGUK7TDMDzom08xa7e86eCeKOiLZezwCKVxJn6NEiiy2ekgX8aQssjIKg==",
      "peer": true,
      "requires": {
        "@types/react": "*"
      }
    },
    "@types/scheduler": {
      "version": "0.16.2",
      "resolved": "https://registry.npmjs.org/@types/scheduler/-/scheduler-0.16.2.tgz",
      "integrity": "sha512-hppQEBDmlwhFAXKJX2KnWLYu5yMfi91yazPb2l+lbJiwW+wdo1gNeRA+3RgNSO39WYX2euey41KEwnqesU2Jew==",
      "peer": true
    },
    "csstype": {
      "version": "3.1.1",
      "resolved": "https://registry.npmjs.org/csstype/-/csstype-3.1.1.tgz",
      "integrity": "sha512-DJR/VvkAvSZW9bTouZue2sSxDwdTN92uHjqeKVm+0dAqdfNykRzQ95tay8aXMBAAPpUiq4Qcug2L7neoRh2Egw==",
      "peer": true
    },
    "js-tokens": {
      "version": "4.0.0",
      "resolved": "https://registry.npmjs.org/js-tokens/-/js-tokens-4.0.0.tgz",
      "integrity": "sha512-RdJUflcE3cUzKiMqQgsCu06FPu9UdIJO0beYbPhHN4k6apgJtifcoCtT9bcxOpYBtpD2kCM6Sbzg4CausW/PKQ==",
      "peer": true
    },
    "loose-envify": {
      "version": "1.4.0",
      "resolved": "https://registry.npmjs.org/loose-envify/-/loose-envify-1.4.0.tgz",
      "integrity": "sha512-lyuxPGr/Wfhrlem2CL/UcnUc1zcqKAImBDzukY7Y5F/yQiNdko6+fRLevlw1HgMySw7f611UIY408EtxRSoK3Q==",
      "peer": true,
      "requires": {
        "js-tokens": "^3.0.0 || ^4.0.0"
      }
    },
    "react": {
      "version": "18.2.0",
      "resolved": "https://registry.npmjs.org/react/-/react-18.2.0.tgz",
      "integrity": "sha512-/3IjMdb2L9QbBdWiW5e3P2/npwMBaU9mHCSCUzNln0ZCYbcfTsGbTJrU/kGemdH2IWmB2ioZ+zkxtmq6g09fGQ==",
      "peer": true,
      "requires": {
        "loose-envify": "^1.1.0"
      }
    },
    "react-dom": {
      "version": "18.2.0",
      "resolved": "https://registry.npmjs.org/react-dom/-/react-dom-18.2.0.tgz",
      "integrity": "sha512-6IMTriUmvsjHUjNtEDudZfuDQUoWXVxKHhlEGSk81n4YFS+r/Kl99wXiwlVXtPBtJenozv2P+hxDsw9eA7Xo6g==",
      "peer": true,
      "requires": {
        "loose-envify": "^1.1.0",
        "scheduler": "^0.23.0"
      }
    },
    "scheduler": {
      "version": "0.23.0",
      "resolved": "https://registry.npmjs.org/scheduler/-/scheduler-0.23.0.tgz",
      "integrity": "sha512-CtuThmgHNg7zIZWAXi3AsyIzA3n4xx7aNyjwC2VJldO2LMVDhFK+63xGqq6CsJH4rTAt6/M+N4GhZiDYPx9eUw==",
      "peer": true,
      "requires": {
        "loose-envify": "^1.1.0"
      }
    },
    "tslib": {
      "version": "2.4.1",
      "resolved": "https://registry.npmjs.org/tslib/-/tslib-2.4.1.tgz",
      "integrity": "sha512-tGyy4dAjRIEwI7BzsB0lynWgOpfqjUdq91XXAlIWD2OwKBH7oCl/GZG/HT4BOHrTlPMOASlMQ7veyTqpmRcrNA=="
    }
  }
}
